
Microsoft Visual Studio Solution File, Format Version 12.00
# Visual Studio Version 17
VisualStudioVersion = 17.5.33516.290
MinimumVisualStudioVersion = 10.0.40219.1
Project("{FAE04EC0-301F-11D3-BF4B-00C04F79EFBC}") = "Basics", "Basics\Basics.csproj", "{30C2672C-EF5C-4798-82F5-E7F20D10BC4D}"
EndProject
Global
	GlobalSection(SolutionConfigurationPlatforms) = preSolution
		Debug|Any CPU = Debug|Any CPU
		Release|Any CPU = Release|Any CPU
	EndGlobalSection
	GlobalSection(ProjectConfigurationPlatforms) = postSolution
		{30C2672C-EF5C-4798-82F5-E7F20D10BC4D}.Debug|Any CPU.ActiveCfg = Debug|Any CPU
		{30C2672C-EF5C-4798-82F5-E7F20D10BC4D}.Debug|Any CPU.Build.0 = Debug|Any CPU
		{30C2672C-EF5C-4798-82F5-E7F20D10BC4D}.Release|Any CPU.ActiveCfg = Release|Any CPU
		{30C2672C-EF5C-4798-82F5-E7F20D10BC4D}.Release|Any CPU.Build.0 = Release|Any CPU
	EndGlobalSection
	GlobalSection(SolutionProperties) = preSolution
		HideSolutionNode = FALSE
	EndGlobalSection
	GlobalSection(ExtensibilityGlobals) = postSolution
		SolutionGuid = {AA658F6F-32CE-4508-B88C-574C150ED112}
	EndGlobalSection
EndGlobal
