
Microsoft Visual Studio Solution File, Format Version 12.00
# Visual Studio Version 17
VisualStudioVersion = 17.5.33516.290
MinimumVisualStudioVersion = 10.0.40219.1
Project("{FAE04EC0-301F-11D3-BF4B-00C04F79EFBC}") = "Security&Cryptography", "Security&Cryptography\Security&Cryptography.csproj", "{69E58296-510D-4411-A7E0-D8E797F55682}"
EndProject
Global
	GlobalSection(SolutionConfigurationPlatforms) = preSolution
		Debug|Any CPU = Debug|Any CPU
		Release|Any CPU = Release|Any CPU
	EndGlobalSection
	GlobalSection(ProjectConfigurationPlatforms) = postSolution
		{69E58296-510D-4411-A7E0-D8E797F55682}.Debug|Any CPU.ActiveCfg = Debug|Any CPU
		{69E58296-510D-4411-A7E0-D8E797F55682}.Debug|Any CPU.Build.0 = Debug|Any CPU
		{69E58296-510D-4411-A7E0-D8E797F55682}.Release|Any CPU.ActiveCfg = Release|Any CPU
		{69E58296-510D-4411-A7E0-D8E797F55682}.Release|Any CPU.Build.0 = Release|Any CPU
	EndGlobalSection
	GlobalSection(SolutionProperties) = preSolution
		HideSolutionNode = FALSE
	EndGlobalSection
	GlobalSection(ExtensibilityGlobals) = postSolution
		SolutionGuid = {2D81CBB6-32E5-4F8F-B196-3A9D2D4D1CD9}
	EndGlobalSection
EndGlobal
