
Microsoft Visual Studio Solution File, Format Version 12.00
# Visual Studio Version 17
VisualStudioVersion = 17.5.33516.290
MinimumVisualStudioVersion = 10.0.40219.1
Project("{FAE04EC0-301F-11D3-BF4B-00C04F79EFBC}") = "ControllerInitializationDemo", "UserManagementSystem\ControllerInitializationDemo.csproj", "{2B4ECDE1-51E9-495D-B5F8-59859338222B}"
EndProject
Global
	GlobalSection(SolutionConfigurationPlatforms) = preSolution
		Debug|Any CPU = Debug|Any CPU
		Release|Any CPU = Release|Any CPU
	EndGlobalSection
	GlobalSection(ProjectConfigurationPlatforms) = postSolution
		{2B4ECDE1-51E9-495D-B5F8-59859338222B}.Debug|Any CPU.ActiveCfg = Debug|Any CPU
		{2B4ECDE1-51E9-495D-B5F8-59859338222B}.Debug|Any CPU.Build.0 = Debug|Any CPU
		{2B4ECDE1-51E9-495D-B5F8-59859338222B}.Release|Any CPU.ActiveCfg = Release|Any CPU
		{2B4ECDE1-51E9-495D-B5F8-59859338222B}.Release|Any CPU.Build.0 = Release|Any CPU
	EndGlobalSection
	GlobalSection(SolutionProperties) = preSolution
		HideSolutionNode = FALSE
	EndGlobalSection
	GlobalSection(ExtensibilityGlobals) = postSolution
		SolutionGuid = {132D52AB-CA15-474D-A337-925788F2C137}
	EndGlobalSection
EndGlobal
