
Microsoft Visual Studio Solution File, Format Version 12.00
# Visual Studio Version 17
VisualStudioVersion = 17.5.33516.290
MinimumVisualStudioVersion = 10.0.40219.1
Project("{FAE04EC0-301F-11D3-BF4B-00C04F79EFBC}") = "LINQToFile", "LINQToFile\LINQToFile.csproj", "{92308415-57C1-445D-9B99-4FC93C239582}"
EndProject
Global
	GlobalSection(SolutionConfigurationPlatforms) = preSolution
		Debug|Any CPU = Debug|Any CPU
		Release|Any CPU = Release|Any CPU
	EndGlobalSection
	GlobalSection(ProjectConfigurationPlatforms) = postSolution
		{92308415-57C1-445D-9B99-4FC93C239582}.Debug|Any CPU.ActiveCfg = Debug|Any CPU
		{92308415-57C1-445D-9B99-4FC93C239582}.Debug|Any CPU.Build.0 = Debug|Any CPU
		{92308415-57C1-445D-9B99-4FC93C239582}.Release|Any CPU.ActiveCfg = Release|Any CPU
		{92308415-57C1-445D-9B99-4FC93C239582}.Release|Any CPU.Build.0 = Release|Any CPU
	EndGlobalSection
	GlobalSection(SolutionProperties) = preSolution
		HideSolutionNode = FALSE
	EndGlobalSection
	GlobalSection(ExtensibilityGlobals) = postSolution
		SolutionGuid = {19794559-90D3-4B4F-83F4-AA5101A52E13}
	EndGlobalSection
EndGlobal
