
Microsoft Visual Studio Solution File, Format Version 12.00
# Visual Studio Version 17
VisualStudioVersion = 17.5.33516.290
MinimumVisualStudioVersion = 10.0.40219.1
Project("{FAE04EC0-301F-11D3-BF4B-00C04F79EFBC}") = "DataGrid", "DataGrid\DataGrid.csproj", "{284B264A-354C-4596-89A5-32E06F3AEF57}"
EndProject
Global
	GlobalSection(SolutionConfigurationPlatforms) = preSolution
		Debug|Any CPU = Debug|Any CPU
		Release|Any CPU = Release|Any CPU
	EndGlobalSection
	GlobalSection(ProjectConfigurationPlatforms) = postSolution
		{284B264A-354C-4596-89A5-32E06F3AEF57}.Debug|Any CPU.ActiveCfg = Debug|Any CPU
		{284B264A-354C-4596-89A5-32E06F3AEF57}.Debug|Any CPU.Build.0 = Debug|Any CPU
		{284B264A-354C-4596-89A5-32E06F3AEF57}.Release|Any CPU.ActiveCfg = Release|Any CPU
		{284B264A-354C-4596-89A5-32E06F3AEF57}.Release|Any CPU.Build.0 = Release|Any CPU
	EndGlobalSection
	GlobalSection(SolutionProperties) = preSolution
		HideSolutionNode = FALSE
	EndGlobalSection
	GlobalSection(ExtensibilityGlobals) = postSolution
		SolutionGuid = {EA98BD1A-6958-4498-85FE-6F21FE7614E6}
	EndGlobalSection
EndGlobal
