
Microsoft Visual Studio Solution File, Format Version 12.00
# Visual Studio Version 17
VisualStudioVersion = 17.5.33516.290
MinimumVisualStudioVersion = 10.0.40219.1
Project("{FAE04EC0-301F-11D3-BF4B-00C04F79EFBC}") = "WidgetBasicsDemo", "WidgetBasicsDemo\WidgetBasicsDemo.csproj", "{266E5734-81F7-46D0-8805-7B2F8C823B7C}"
EndProject
Global
	GlobalSection(SolutionConfigurationPlatforms) = preSolution
		Debug|Any CPU = Debug|Any CPU
		Release|Any CPU = Release|Any CPU
	EndGlobalSection
	GlobalSection(ProjectConfigurationPlatforms) = postSolution
		{266E5734-81F7-46D0-8805-7B2F8C823B7C}.Debug|Any CPU.ActiveCfg = Debug|Any CPU
		{266E5734-81F7-46D0-8805-7B2F8C823B7C}.Debug|Any CPU.Build.0 = Debug|Any CPU
		{266E5734-81F7-46D0-8805-7B2F8C823B7C}.Release|Any CPU.ActiveCfg = Release|Any CPU
		{266E5734-81F7-46D0-8805-7B2F8C823B7C}.Release|Any CPU.Build.0 = Release|Any CPU
	EndGlobalSection
	GlobalSection(SolutionProperties) = preSolution
		HideSolutionNode = FALSE
	EndGlobalSection
	GlobalSection(ExtensibilityGlobals) = postSolution
		SolutionGuid = {41BC4BF2-13D6-422C-A308-B1496E97B5FC}
	EndGlobalSection
EndGlobal
