
Microsoft Visual Studio Solution File, Format Version 12.00
# Visual Studio Version 17
VisualStudioVersion = 17.5.33516.290
MinimumVisualStudioVersion = 10.0.40219.1
Project("{FAE04EC0-301F-11D3-BF4B-00C04F79EFBC}") = "FilterDemo", "FilterDemo\FilterDemo.csproj", "{64202C42-6EDC-4C3D-A4C1-8C56B4CFA8A0}"
EndProject
Global
	GlobalSection(SolutionConfigurationPlatforms) = preSolution
		Debug|Any CPU = Debug|Any CPU
		Release|Any CPU = Release|Any CPU
	EndGlobalSection
	GlobalSection(ProjectConfigurationPlatforms) = postSolution
		{64202C42-6EDC-4C3D-A4C1-8C56B4CFA8A0}.Debug|Any CPU.ActiveCfg = Debug|Any CPU
		{64202C42-6EDC-4C3D-A4C1-8C56B4CFA8A0}.Debug|Any CPU.Build.0 = Debug|Any CPU
		{64202C42-6EDC-4C3D-A4C1-8C56B4CFA8A0}.Release|Any CPU.ActiveCfg = Release|Any CPU
		{64202C42-6EDC-4C3D-A4C1-8C56B4CFA8A0}.Release|Any CPU.Build.0 = Release|Any CPU
	EndGlobalSection
	GlobalSection(SolutionProperties) = preSolution
		HideSolutionNode = FALSE
	EndGlobalSection
	GlobalSection(ExtensibilityGlobals) = postSolution
		SolutionGuid = {35BD8594-6840-445D-97F9-33F6CC9F6421}
	EndGlobalSection
EndGlobal
